
Microsoft Visual Studio Solution File, Format Version 12.00
# Visual Studio Version 16
VisualStudioVersion = 16.0.31729.503
MinimumVisualStudioVersion = 10.0.40219.1
Project("{FAE04EC0-301F-11D3-BF4B-00C04F79EFBC}") = "Ajastin", "Ajastin\Ajastin.csproj", "{6EDE887D-FBBC-4B45-81C7-580C14B1810A}"
EndProject
Global
	GlobalSection(SolutionConfigurationPlatforms) = preSolution
		Debug|Any CPU = Debug|Any CPU
		Release|Any CPU = Release|Any CPU
	EndGlobalSection
	GlobalSection(ProjectConfigurationPlatforms) = postSolution
		{6EDE887D-FBBC-4B45-81C7-580C14B1810A}.Debug|Any CPU.ActiveCfg = Debug|Any CPU
		{6EDE887D-FBBC-4B45-81C7-580C14B1810A}.Debug|Any CPU.Build.0 = Debug|Any CPU
		{6EDE887D-FBBC-4B45-81C7-580C14B1810A}.Release|Any CPU.ActiveCfg = Release|Any CPU
		{6EDE887D-FBBC-4B45-81C7-580C14B1810A}.Release|Any CPU.Build.0 = Release|Any CPU
	EndGlobalSection
	GlobalSection(SolutionProperties) = preSolution
		HideSolutionNode = FALSE
	EndGlobalSection
	GlobalSection(ExtensibilityGlobals) = postSolution
		SolutionGuid = {80E975D5-AE79-4569-9C7E-A9F9E4059348}
	EndGlobalSection
EndGlobal
