
Microsoft Visual Studio Solution File, Format Version 12.00
# Visual Studio Version 16
VisualStudioVersion = 16.0.29911.84
MinimumVisualStudioVersion = 10.0.40219.1
Project("{FAE04EC0-301F-11D3-BF4B-00C04F79EFBC}") = "StringNimi", "StringNimi\StringNimi.csproj", "{1FB514AF-C2CC-4A33-A9CF-5169263C7B26}"
EndProject
Global
	GlobalSection(SolutionConfigurationPlatforms) = preSolution
		Debug|Any CPU = Debug|Any CPU
		Release|Any CPU = Release|Any CPU
	EndGlobalSection
	GlobalSection(ProjectConfigurationPlatforms) = postSolution
		{1FB514AF-C2CC-4A33-A9CF-5169263C7B26}.Debug|Any CPU.ActiveCfg = Debug|Any CPU
		{1FB514AF-C2CC-4A33-A9CF-5169263C7B26}.Debug|Any CPU.Build.0 = Debug|Any CPU
		{1FB514AF-C2CC-4A33-A9CF-5169263C7B26}.Release|Any CPU.ActiveCfg = Release|Any CPU
		{1FB514AF-C2CC-4A33-A9CF-5169263C7B26}.Release|Any CPU.Build.0 = Release|Any CPU
	EndGlobalSection
	GlobalSection(SolutionProperties) = preSolution
		HideSolutionNode = FALSE
	EndGlobalSection
	GlobalSection(ExtensibilityGlobals) = postSolution
		SolutionGuid = {EFBDF368-55B7-40C8-9FB4-13812FAFF3A8}
	EndGlobalSection
EndGlobal
