
Microsoft Visual Studio Solution File, Format Version 12.00
# Visual Studio Version 16
VisualStudioVersion = 16.0.31729.503
MinimumVisualStudioVersion = 10.0.40219.1
Project("{FAE04EC0-301F-11D3-BF4B-00C04F79EFBC}") = "Muistio", "Muistio\Muistio.csproj", "{6194B298-68C6-4428-8702-947C6A4D55DA}"
EndProject
Global
	GlobalSection(SolutionConfigurationPlatforms) = preSolution
		Debug|Any CPU = Debug|Any CPU
		Release|Any CPU = Release|Any CPU
	EndGlobalSection
	GlobalSection(ProjectConfigurationPlatforms) = postSolution
		{6194B298-68C6-4428-8702-947C6A4D55DA}.Debug|Any CPU.ActiveCfg = Debug|Any CPU
		{6194B298-68C6-4428-8702-947C6A4D55DA}.Debug|Any CPU.Build.0 = Debug|Any CPU
		{6194B298-68C6-4428-8702-947C6A4D55DA}.Release|Any CPU.ActiveCfg = Release|Any CPU
		{6194B298-68C6-4428-8702-947C6A4D55DA}.Release|Any CPU.Build.0 = Release|Any CPU
	EndGlobalSection
	GlobalSection(SolutionProperties) = preSolution
		HideSolutionNode = FALSE
	EndGlobalSection
	GlobalSection(ExtensibilityGlobals) = postSolution
		SolutionGuid = {59C1A8A6-5CF4-4BAF-9C2D-49A2FA97E150}
	EndGlobalSection
EndGlobal
