
Microsoft Visual Studio Solution File, Format Version 12.00
# Visual Studio Version 16
VisualStudioVersion = 16.0.31729.503
MinimumVisualStudioVersion = 10.0.40219.1
Project("{FAE04EC0-301F-11D3-BF4B-00C04F79EFBC}") = "BMI-laskuri", "BMI-laskuri\BMI-laskuri.csproj", "{A88F91B4-0DA5-4ECB-B362-5D11C9FCFE9C}"
EndProject
Global
	GlobalSection(SolutionConfigurationPlatforms) = preSolution
		Debug|Any CPU = Debug|Any CPU
		Release|Any CPU = Release|Any CPU
	EndGlobalSection
	GlobalSection(ProjectConfigurationPlatforms) = postSolution
		{A88F91B4-0DA5-4ECB-B362-5D11C9FCFE9C}.Debug|Any CPU.ActiveCfg = Debug|Any CPU
		{A88F91B4-0DA5-4ECB-B362-5D11C9FCFE9C}.Debug|Any CPU.Build.0 = Debug|Any CPU
		{A88F91B4-0DA5-4ECB-B362-5D11C9FCFE9C}.Release|Any CPU.ActiveCfg = Release|Any CPU
		{A88F91B4-0DA5-4ECB-B362-5D11C9FCFE9C}.Release|Any CPU.Build.0 = Release|Any CPU
	EndGlobalSection
	GlobalSection(SolutionProperties) = preSolution
		HideSolutionNode = FALSE
	EndGlobalSection
	GlobalSection(ExtensibilityGlobals) = postSolution
		SolutionGuid = {E02ED3FE-05BE-43E4-863B-0053A8C10E3C}
	EndGlobalSection
EndGlobal
