
Microsoft Visual Studio Solution File, Format Version 12.00
# Visual Studio Version 16
VisualStudioVersion = 16.0.31729.503
MinimumVisualStudioVersion = 10.0.40219.1
Project("{FAE04EC0-301F-11D3-BF4B-00C04F79EFBC}") = "10Kysymystä", "10Kysymystä\10Kysymystä.csproj", "{B0CDBBC1-0449-4EE0-AA29-706EA6205995}"
EndProject
Global
	GlobalSection(SolutionConfigurationPlatforms) = preSolution
		Debug|Any CPU = Debug|Any CPU
		Release|Any CPU = Release|Any CPU
	EndGlobalSection
	GlobalSection(ProjectConfigurationPlatforms) = postSolution
		{B0CDBBC1-0449-4EE0-AA29-706EA6205995}.Debug|Any CPU.ActiveCfg = Debug|Any CPU
		{B0CDBBC1-0449-4EE0-AA29-706EA6205995}.Debug|Any CPU.Build.0 = Debug|Any CPU
		{B0CDBBC1-0449-4EE0-AA29-706EA6205995}.Release|Any CPU.ActiveCfg = Release|Any CPU
		{B0CDBBC1-0449-4EE0-AA29-706EA6205995}.Release|Any CPU.Build.0 = Release|Any CPU
	EndGlobalSection
	GlobalSection(SolutionProperties) = preSolution
		HideSolutionNode = FALSE
	EndGlobalSection
	GlobalSection(ExtensibilityGlobals) = postSolution
		SolutionGuid = {5DC63019-1E56-473F-90DB-35ACFCDB01EA}
	EndGlobalSection
EndGlobal
