
Microsoft Visual Studio Solution File, Format Version 12.00
# Visual Studio Version 16
VisualStudioVersion = 16.0.29911.84
MinimumVisualStudioVersion = 10.0.40219.1
Project("{FAE04EC0-301F-11D3-BF4B-00C04F79EFBC}") = "Harjoituksia 2", "Harjoituksia 2\Harjoituksia 2.csproj", "{43F259F4-8E83-4C94-9442-E094D78FE417}"
EndProject
Global
	GlobalSection(SolutionConfigurationPlatforms) = preSolution
		Debug|Any CPU = Debug|Any CPU
		Release|Any CPU = Release|Any CPU
	EndGlobalSection
	GlobalSection(ProjectConfigurationPlatforms) = postSolution
		{43F259F4-8E83-4C94-9442-E094D78FE417}.Debug|Any CPU.ActiveCfg = Debug|Any CPU
		{43F259F4-8E83-4C94-9442-E094D78FE417}.Debug|Any CPU.Build.0 = Debug|Any CPU
		{43F259F4-8E83-4C94-9442-E094D78FE417}.Release|Any CPU.ActiveCfg = Release|Any CPU
		{43F259F4-8E83-4C94-9442-E094D78FE417}.Release|Any CPU.Build.0 = Release|Any CPU
	EndGlobalSection
	GlobalSection(SolutionProperties) = preSolution
		HideSolutionNode = FALSE
	EndGlobalSection
	GlobalSection(ExtensibilityGlobals) = postSolution
		SolutionGuid = {39E23584-6A76-4A6A-82D1-4FB70D76AF37}
	EndGlobalSection
EndGlobal
